
Microsoft Visual Studio Solution File, Format Version 12.00
# Visual Studio Version 17
VisualStudioVersion = 17.4.33213.308
MinimumVisualStudioVersion = 10.0.40219.1
Project("{FAE04EC0-301F-11D3-BF4B-00C04F79EFBC}") = "EFCore", "EFCore\EFCore.csproj", "{3A416BCD-801E-49B1-A93A-31AFAC1F570A}"
EndProject
Global
	GlobalSection(SolutionConfigurationPlatforms) = preSolution
		Debug|Any CPU = Debug|Any CPU
		Release|Any CPU = Release|Any CPU
	EndGlobalSection
	GlobalSection(ProjectConfigurationPlatforms) = postSolution
		{3A416BCD-801E-49B1-A93A-31AFAC1F570A}.Debug|Any CPU.ActiveCfg = Debug|Any CPU
		{3A416BCD-801E-49B1-A93A-31AFAC1F570A}.Debug|Any CPU.Build.0 = Debug|Any CPU
		{3A416BCD-801E-49B1-A93A-31AFAC1F570A}.Release|Any CPU.ActiveCfg = Release|Any CPU
		{3A416BCD-801E-49B1-A93A-31AFAC1F570A}.Release|Any CPU.Build.0 = Release|Any CPU
	EndGlobalSection
	GlobalSection(SolutionProperties) = preSolution
		HideSolutionNode = FALSE
	EndGlobalSection
	GlobalSection(ExtensibilityGlobals) = postSolution
		SolutionGuid = {A80502B1-52C6-42FB-93BF-833BA4977FD7}
	EndGlobalSection
EndGlobal
